
Microsoft Visual Studio Solution File, Format Version 12.00
# Visual Studio Version 17
VisualStudioVersion = 17.3.32825.248
MinimumVisualStudioVersion = 10.0.40219.1
Project("{9A19103F-16F7-4668-BE54-9A1E7A4F7556}") = "Salus", "Salus\Salus.csproj", "{2FDA7342-CCA3-4088-B568-3D5FB60D79BA}"
EndProject
Project("{FAE04EC0-301F-11D3-BF4B-00C04F79EFBC}") = "Tests", "Tests\Tests.csproj", "{CA6C78A5-0017-44DD-B0F2-AEFBAE7A206B}"
EndProject
Global
	GlobalSection(SolutionConfigurationPlatforms) = preSolution
		Debug|Any CPU = Debug|Any CPU
		Release|Any CPU = Release|Any CPU
	EndGlobalSection
	GlobalSection(ProjectConfigurationPlatforms) = postSolution
		{2FDA7342-CCA3-4088-B568-3D5FB60D79BA}.Debug|Any CPU.ActiveCfg = Debug|Any CPU
		{2FDA7342-CCA3-4088-B568-3D5FB60D79BA}.Debug|Any CPU.Build.0 = Debug|Any CPU
		{2FDA7342-CCA3-4088-B568-3D5FB60D79BA}.Release|Any CPU.ActiveCfg = Release|Any CPU
		{2FDA7342-CCA3-4088-B568-3D5FB60D79BA}.Release|Any CPU.Build.0 = Release|Any CPU
		{CA6C78A5-0017-44DD-B0F2-AEFBAE7A206B}.Debug|Any CPU.ActiveCfg = Debug|Any CPU
		{CA6C78A5-0017-44DD-B0F2-AEFBAE7A206B}.Debug|Any CPU.Build.0 = Debug|Any CPU
		{CA6C78A5-0017-44DD-B0F2-AEFBAE7A206B}.Release|Any CPU.ActiveCfg = Release|Any CPU
		{CA6C78A5-0017-44DD-B0F2-AEFBAE7A206B}.Release|Any CPU.Build.0 = Release|Any CPU
	EndGlobalSection
	GlobalSection(SolutionProperties) = preSolution
		HideSolutionNode = FALSE
	EndGlobalSection
	GlobalSection(ExtensibilityGlobals) = postSolution
		SolutionGuid = {EA309ADC-4083-4CDA-BF87-E1DF374E98E5}
	EndGlobalSection
EndGlobal
